
Microsoft Visual Studio Solution File, Format Version 12.00
# Visual Studio Version 16
VisualStudioVersion = 16.0.31515.178
MinimumVisualStudioVersion = 10.0.40219.1
Project("{FAE04EC0-301F-11D3-BF4B-00C04F79EFBC}") = "GitHubUsersList.Android", "GitHubUsersList\GitHubUsersList.Android\GitHubUsersList.Android.csproj", "{868035C2-40E1-4818-BD48-ECF9F1081884}"
EndProject
Project("{FAE04EC0-301F-11D3-BF4B-00C04F79EFBC}") = "GitHubUsersList.iOS", "GitHubUsersList\GitHubUsersList.iOS\GitHubUsersList.iOS.csproj", "{2ADD220B-3B57-448C-93F4-495A48F6F7B6}"
EndProject
Project("{FAE04EC0-301F-11D3-BF4B-00C04F79EFBC}") = "GitHubUsersList", "GitHubUsersList\GitHubUsersList\GitHubUsersList.csproj", "{44947FBE-E714-4D70-91A4-907607A2856E}"
EndProject
Global
	GlobalSection(SolutionConfigurationPlatforms) = preSolution
		Debug|Any CPU = Debug|Any CPU
		Debug|iPhone = Debug|iPhone
		Debug|iPhoneSimulator = Debug|iPhoneSimulator
		Release|Any CPU = Release|Any CPU
		Release|iPhone = Release|iPhone
		Release|iPhoneSimulator = Release|iPhoneSimulator
	EndGlobalSection
	GlobalSection(ProjectConfigurationPlatforms) = postSolution
		{868035C2-40E1-4818-BD48-ECF9F1081884}.Debug|Any CPU.ActiveCfg = Debug|Any CPU
		{868035C2-40E1-4818-BD48-ECF9F1081884}.Debug|Any CPU.Build.0 = Debug|Any CPU
		{868035C2-40E1-4818-BD48-ECF9F1081884}.Debug|Any CPU.Deploy.0 = Debug|Any CPU
		{868035C2-40E1-4818-BD48-ECF9F1081884}.Debug|iPhone.ActiveCfg = Debug|Any CPU
		{868035C2-40E1-4818-BD48-ECF9F1081884}.Debug|iPhone.Build.0 = Debug|Any CPU
		{868035C2-40E1-4818-BD48-ECF9F1081884}.Debug|iPhone.Deploy.0 = Debug|Any CPU
		{868035C2-40E1-4818-BD48-ECF9F1081884}.Debug|iPhoneSimulator.ActiveCfg = Debug|Any CPU
		{868035C2-40E1-4818-BD48-ECF9F1081884}.Debug|iPhoneSimulator.Build.0 = Debug|Any CPU
		{868035C2-40E1-4818-BD48-ECF9F1081884}.Debug|iPhoneSimulator.Deploy.0 = Debug|Any CPU
		{868035C2-40E1-4818-BD48-ECF9F1081884}.Release|Any CPU.ActiveCfg = Release|Any CPU
		{868035C2-40E1-4818-BD48-ECF9F1081884}.Release|Any CPU.Build.0 = Release|Any CPU
		{868035C2-40E1-4818-BD48-ECF9F1081884}.Release|Any CPU.Deploy.0 = Release|Any CPU
		{868035C2-40E1-4818-BD48-ECF9F1081884}.Release|iPhone.ActiveCfg = Release|Any CPU
		{868035C2-40E1-4818-BD48-ECF9F1081884}.Release|iPhone.Build.0 = Release|Any CPU
		{868035C2-40E1-4818-BD48-ECF9F1081884}.Release|iPhone.Deploy.0 = Release|Any CPU
		{868035C2-40E1-4818-BD48-ECF9F1081884}.Release|iPhoneSimulator.ActiveCfg = Release|Any CPU
		{868035C2-40E1-4818-BD48-ECF9F1081884}.Release|iPhoneSimulator.Build.0 = Release|Any CPU
		{868035C2-40E1-4818-BD48-ECF9F1081884}.Release|iPhoneSimulator.Deploy.0 = Release|Any CPU
		{2ADD220B-3B57-448C-93F4-495A48F6F7B6}.Debug|Any CPU.ActiveCfg = Debug|iPhone
		{2ADD220B-3B57-448C-93F4-495A48F6F7B6}.Debug|Any CPU.Build.0 = Debug|iPhone
		{2ADD220B-3B57-448C-93F4-495A48F6F7B6}.Debug|Any CPU.Deploy.0 = Debug|iPhone
		{2ADD220B-3B57-448C-93F4-495A48F6F7B6}.Debug|iPhone.ActiveCfg = Debug|iPhone
		{2ADD220B-3B57-448C-93F4-495A48F6F7B6}.Debug|iPhone.Build.0 = Debug|iPhone
		{2ADD220B-3B57-448C-93F4-495A48F6F7B6}.Debug|iPhone.Deploy.0 = Debug|iPhone
		{2ADD220B-3B57-448C-93F4-495A48F6F7B6}.Debug|iPhoneSimulator.ActiveCfg = Debug|iPhoneSimulator
		{2ADD220B-3B57-448C-93F4-495A48F6F7B6}.Debug|iPhoneSimulator.Build.0 = Debug|iPhoneSimulator
		{2ADD220B-3B57-448C-93F4-495A48F6F7B6}.Debug|iPhoneSimulator.Deploy.0 = Debug|iPhoneSimulator
		{2ADD220B-3B57-448C-93F4-495A48F6F7B6}.Release|Any CPU.ActiveCfg = Release|iPhoneSimulator
		{2ADD220B-3B57-448C-93F4-495A48F6F7B6}.Release|Any CPU.Build.0 = Release|iPhoneSimulator
		{2ADD220B-3B57-448C-93F4-495A48F6F7B6}.Release|Any CPU.Deploy.0 = Release|iPhoneSimulator
		{2ADD220B-3B57-448C-93F4-495A48F6F7B6}.Release|iPhone.ActiveCfg = Release|iPhone
		{2ADD220B-3B57-448C-93F4-495A48F6F7B6}.Release|iPhone.Build.0 = Release|iPhone
		{2ADD220B-3B57-448C-93F4-495A48F6F7B6}.Release|iPhone.Deploy.0 = Release|iPhone
		{2ADD220B-3B57-448C-93F4-495A48F6F7B6}.Release|iPhoneSimulator.ActiveCfg = Release|iPhoneSimulator
		{2ADD220B-3B57-448C-93F4-495A48F6F7B6}.Release|iPhoneSimulator.Build.0 = Release|iPhoneSimulator
		{2ADD220B-3B57-448C-93F4-495A48F6F7B6}.Release|iPhoneSimulator.Deploy.0 = Release|iPhoneSimulator
		{44947FBE-E714-4D70-91A4-907607A2856E}.Debug|Any CPU.ActiveCfg = Debug|Any CPU
		{44947FBE-E714-4D70-91A4-907607A2856E}.Debug|Any CPU.Build.0 = Debug|Any CPU
		{44947FBE-E714-4D70-91A4-907607A2856E}.Debug|Any CPU.Deploy.0 = Debug|Any CPU
		{44947FBE-E714-4D70-91A4-907607A2856E}.Debug|iPhone.ActiveCfg = Debug|Any CPU
		{44947FBE-E714-4D70-91A4-907607A2856E}.Debug|iPhone.Build.0 = Debug|Any CPU
		{44947FBE-E714-4D70-91A4-907607A2856E}.Debug|iPhone.Deploy.0 = Debug|Any CPU
		{44947FBE-E714-4D70-91A4-907607A2856E}.Debug|iPhoneSimulator.ActiveCfg = Debug|Any CPU
		{44947FBE-E714-4D70-91A4-907607A2856E}.Debug|iPhoneSimulator.Build.0 = Debug|Any CPU
		{44947FBE-E714-4D70-91A4-907607A2856E}.Debug|iPhoneSimulator.Deploy.0 = Debug|Any CPU
		{44947FBE-E714-4D70-91A4-907607A2856E}.Release|Any CPU.ActiveCfg = Release|Any CPU
		{44947FBE-E714-4D70-91A4-907607A2856E}.Release|Any CPU.Build.0 = Release|Any CPU
		{44947FBE-E714-4D70-91A4-907607A2856E}.Release|Any CPU.Deploy.0 = Release|Any CPU
		{44947FBE-E714-4D70-91A4-907607A2856E}.Release|iPhone.ActiveCfg = Release|Any CPU
		{44947FBE-E714-4D70-91A4-907607A2856E}.Release|iPhone.Build.0 = Release|Any CPU
		{44947FBE-E714-4D70-91A4-907607A2856E}.Release|iPhone.Deploy.0 = Release|Any CPU
		{44947FBE-E714-4D70-91A4-907607A2856E}.Release|iPhoneSimulator.ActiveCfg = Release|Any CPU
		{44947FBE-E714-4D70-91A4-907607A2856E}.Release|iPhoneSimulator.Build.0 = Release|Any CPU
		{44947FBE-E714-4D70-91A4-907607A2856E}.Release|iPhoneSimulator.Deploy.0 = Release|Any CPU
	EndGlobalSection
	GlobalSection(SolutionProperties) = preSolution
		HideSolutionNode = FALSE
	EndGlobalSection
	GlobalSection(ExtensibilityGlobals) = postSolution
		SolutionGuid = {483097EF-1E0A-4912-B267-FD9EF579F6C3}
	EndGlobalSection
EndGlobal
